{
  "name": "marisa-trie-wasm",
  "version": "0.0.3",
  "lockfileVersion": 3,
  "requires": true,
  "packages": {
    "": {
      "name": "marisa-trie-wasm",
      "version": "0.0.3",
      "license": "MIT AND (BSD-2-Clause OR LGPL-2.1-or-later)",
      "devDependencies": {
        "esbuild-wasm": "0.27.1",
        "typescript": "5.9.3"
      },
      "engines": {
        "node": ">= 22"
      }
    },
    "node_modules/esbuild-wasm": {
      "version": "0.27.1",
      "resolved": "https://registry.npmjs.org/esbuild-wasm/-/esbuild-wasm-0.27.1.tgz",
      "integrity": "sha512-NjueSyuuMjX6F/mnqQ8g4rkwAFTct7JT/A/oXjXhGTFbWiTm3zU59BMulOrT+KuCHj+oShTBARQCxCDDvVxwFA==",
      "dev": true,
      "license": "MIT",
      "bin": {
        "esbuild": "bin/esbuild"
      },
      "engines": {
        "node": ">=18"
      }
    },
    "node_modules/typescript": {
      "version": "5.9.3",
      "resolved": "https://registry.npmjs.org/typescript/-/typescript-5.9.3.tgz",
      "integrity": "sha512-jl1vZzPDinLr9eUt3J/t7V6FgNEw9QjvBPdysz9KfQDD41fQrC2Y4vKQdiaUpFT4bXlb1RHhLpp8wtm6M5TgSw==",
      "dev": true,
      "license": "Apache-2.0",
      "bin": {
        "tsc": "bin/tsc",
        "tsserver": "bin/tsserver"
      },
      "engines": {
        "node": ">=14.17"
      }
    }
  }
}
